<?xml version="1.0" encoding="utf-8"?>
<Project ToolsVersion="4.0" xmlns="http://schemas.microsoft.com/developer/msbuild/2003">
  <ItemGroup>
    <Filter Include="Engine">
      <UniqueIdentifier>{7b799c94-41b5-49cc-ba56-6a26f4355a78}</UniqueIdentifier>
    </Filter>
    <Filter Include="Engine\Math">
      <UniqueIdentifier>{3b1a912c-01e6-493f-adc8-77ddf6bcc593}</UniqueIdentifier>
    </Filter>
    <Filter Include="Engine\Graphics">
      <UniqueIdentifier>{489c5285-508e-4c17-867e-8aef04d99538}</UniqueIdentifier>
    </Filter>
    <Filter Include="Engine\Input">
      <UniqueIdentifier>{883058b6-f4be-40ac-a8b2-84e4820f685a}</UniqueIdentifier>
    </Filter>
    <Filter Include="Engine\Core">
      <UniqueIdentifier>{f9d335cb-02a4-4ff5-bd06-3581bfd5afbf}</UniqueIdentifier>
    </Filter>
    <Filter Include="Engine\Scene">
      <UniqueIdentifier>{a60b58af-38d5-4045-8b1c-dbde37179239}</UniqueIdentifier>
    </Filter>
  </ItemGroup>
  <ItemGroup>
    <ClCompile Include="Engine\main.cpp" />
    <ClCompile Include="Engine\Core\Engine.cpp" />
  </ItemGroup>
  <ItemGroup>
    <ClInclude Include="Engine\Core\Engine.h" />
    <ClInclude Include="Engine\Core\GameLoop.h" />
    <ClInclude Include="Engine\Core\Timer.h" />
    <ClInclude Include="Engine\Graphics\Color.h" />
    <ClInclude Include="Engine\Graphics\ConsoleBuffer.h" />
    <ClInclude Include="Engine\Graphics\Sprite.h" />
    <ClInclude Include="Engine\Input\Input.h" />
    <ClInclude Include="Engine\Input\KeyCodes.h" />
    <ClInclude Include="Engine\Math\Collision.h" />
    <ClInclude Include="Engine\Math\Matrix.h" />
    <ClInclude Include="Engine\Math\Transform.h" />
    <ClInclude Include="Engine\Math\Vector2.h" />
    <ClInclude Include="Engine\Math\Vector3.h" />
    <ClInclude Include="Engine\Scene\GameObject.h" />
    <ClInclude Include="Engine\Scene\Scene.h" />
    <ClInclude Include="Engine\Core\Camera.h" />
    <ClInclude Include="Engine\Input\MouseCodes.h" />
    <ClInclude Include="Engine\Scene\Raycaster.h" />
  </ItemGroup>
</Project>